
Microsoft Visual Studio Solution File, Format Version 11.00
# Visual Studio 2010
Project("{FAE04EC0-301F-11D3-BF4B-00C04F79EFBC}") = "Propuesta Game", "Assembly-CSharp.csproj", "{E3C12776-6820-0881-513C-B1710C1B5629}"
EndProject
Project("{FAE04EC0-301F-11D3-BF4B-00C04F79EFBC}") = "Propuesta Game", "Assembly-CSharp-Editor.csproj", "{07814FA2-7A0F-4961-3F8C-0A54DD4B4D4A}"
EndProject
Global
	GlobalSection(SolutionConfigurationPlatforms) = preSolution
		Debug|Any CPU = Debug|Any CPU
		Release|Any CPU = Release|Any CPU
	EndGlobalSection
	GlobalSection(ProjectConfigurationPlatforms) = postSolution
		{E3C12776-6820-0881-513C-B1710C1B5629}.Debug|Any CPU.ActiveCfg = Debug|Any CPU
		{E3C12776-6820-0881-513C-B1710C1B5629}.Debug|Any CPU.Build.0 = Debug|Any CPU
		{E3C12776-6820-0881-513C-B1710C1B5629}.Release|Any CPU.ActiveCfg = Release|Any CPU
		{E3C12776-6820-0881-513C-B1710C1B5629}.Release|Any CPU.Build.0 = Release|Any CPU
		{07814FA2-7A0F-4961-3F8C-0A54DD4B4D4A}.Debug|Any CPU.ActiveCfg = Debug|Any CPU
		{07814FA2-7A0F-4961-3F8C-0A54DD4B4D4A}.Debug|Any CPU.Build.0 = Debug|Any CPU
		{07814FA2-7A0F-4961-3F8C-0A54DD4B4D4A}.Release|Any CPU.ActiveCfg = Release|Any CPU
		{07814FA2-7A0F-4961-3F8C-0A54DD4B4D4A}.Release|Any CPU.Build.0 = Release|Any CPU
	EndGlobalSection
	GlobalSection(SolutionProperties) = preSolution
		HideSolutionNode = FALSE
	EndGlobalSection
	GlobalSection(MonoDevelopProperties) = preSolution
		StartupItem = Assembly-CSharp.csproj
	EndGlobalSection
EndGlobal
